
Microsoft Visual Studio Solution File, Format Version 12.00
# Visual Studio Version 16
VisualStudioVersion = 16.0.29709.97
MinimumVisualStudioVersion = 10.0.40219.1
Project("{FAE04EC0-301F-11D3-BF4B-00C04F79EFBC}") = "PipelineDashboard", "PipelineDashboard\PipelineDashboard.csproj", "{4DB0229A-B0CF-4426-B009-D3D2CED736AD}"
EndProject
Global
	GlobalSection(SolutionConfigurationPlatforms) = preSolution
		Debug|Any CPU = Debug|Any CPU
		Release|Any CPU = Release|Any CPU
	EndGlobalSection
	GlobalSection(ProjectConfigurationPlatforms) = postSolution
		{4DB0229A-B0CF-4426-B009-D3D2CED736AD}.Debug|Any CPU.ActiveCfg = Debug|Any CPU
		{4DB0229A-B0CF-4426-B009-D3D2CED736AD}.Debug|Any CPU.Build.0 = Debug|Any CPU
		{4DB0229A-B0CF-4426-B009-D3D2CED736AD}.Release|Any CPU.ActiveCfg = Release|Any CPU
		{4DB0229A-B0CF-4426-B009-D3D2CED736AD}.Release|Any CPU.Build.0 = Release|Any CPU
	EndGlobalSection
	GlobalSection(SolutionProperties) = preSolution
		HideSolutionNode = FALSE
	EndGlobalSection
	GlobalSection(ExtensibilityGlobals) = postSolution
		SolutionGuid = {16E8DBE7-42FE-47D1-91BD-9DA8EE905508}
	EndGlobalSection
EndGlobal
